
Microsoft Visual Studio Solution File, Format Version 10.00
# Visual Studio 2008
Project("{FAE04EC0-301F-11D3-BF4B-00C04F79EFBC}") = "Korzh.EasyQuery.ModelEditor.CLR20", "Korzh.EasyQuery.ModelEditor.CLR20.csproj", "{A3120EE5-6C97-4CB0-AE35-8FF49A5C8BC8}"
EndProject
Global
	GlobalSection(SolutionConfigurationPlatforms) = preSolution
		Debug|Any CPU = Debug|Any CPU
		Release|Any CPU = Release|Any CPU
	EndGlobalSection
	GlobalSection(ProjectConfigurationPlatforms) = postSolution
		{A3120EE5-6C97-4CB0-AE35-8FF49A5C8BC8}.Debug|Any CPU.ActiveCfg = Debug|Any CPU
		{A3120EE5-6C97-4CB0-AE35-8FF49A5C8BC8}.Debug|Any CPU.Build.0 = Debug|Any CPU
		{A3120EE5-6C97-4CB0-AE35-8FF49A5C8BC8}.Release|Any CPU.ActiveCfg = Release|Any CPU
		{A3120EE5-6C97-4CB0-AE35-8FF49A5C8BC8}.Release|Any CPU.Build.0 = Release|Any CPU
	EndGlobalSection
	GlobalSection(SolutionProperties) = preSolution
		HideSolutionNode = FALSE
	EndGlobalSection
EndGlobal
