
Microsoft Visual Studio Solution File, Format Version 10.00
# Visual Studio 2008
Project("{FAE04EC0-301F-11D3-BF4B-00C04F79EFBC}") = "BSD.C4.Tlaxcala.Sai.Dal.Data", "BSD.C4.Tlaxcala.Sai.Dal.Data\BSD.C4.Tlaxcala.Sai.Dal.Data.csproj", "{BE8ABD41-5009-4C17-95B7-898591CD5E8D}"
EndProject
Project("{FAE04EC0-301F-11D3-BF4B-00C04F79EFBC}") = "BSD.C4.Tlaxcala.Sai.Dal.Entities", "BSD.C4.Tlaxcala.Sai.Dal.Entities\BSD.C4.Tlaxcala.Sai.Dal.Entities.csproj", "{9716832D-4A55-419A-9A48-95462175AF66}"
EndProject
Project("{FAE04EC0-301F-11D3-BF4B-00C04F79EFBC}") = "SAIC4", "BSDControlesUsuarios\SAIC4.csproj", "{FF9562EF-1FA0-49B7-B8B6-80D41CEBAC19}"
EndProject
Project("{FAE04EC0-301F-11D3-BF4B-00C04F79EFBC}") = "BSD.C4.Tlaxcala.Sai.Controles", "BSD.C4.Tlaxcala.Sai.Controles\BSD.C4.Tlaxcala.Sai.Controles.csproj", "{CC0ED921-3DD7-4BFC-8137-032BB72D7ECC}"
EndProject
Project("{FAE04EC0-301F-11D3-BF4B-00C04F79EFBC}") = "PruebasUnit", "PruebasUnit\PruebasUnit.csproj", "{D3B6A569-C58F-43C5-A4CC-28ACB9D057F1}"
EndProject
Project("{2150E333-8FDC-42A3-9474-1A3956D46DE8}") = "Solution Items", "Solution Items", "{61A5FE62-BF7F-447C-8A85-F5F06036A19E}"
	ProjectSection(SolutionItems) = preProject
		LocalTestRun.testrunconfig = LocalTestRun.testrunconfig
		SAIC4SOLUTION.vsmdi = SAIC4SOLUTION.vsmdi
	EndProjectSection
EndProject
Project("{FAE04EC0-301F-11D3-BF4B-00C04F79EFBC}") = "BSD.C4.Tlaxcala.Sai.Administracion", "BSD.C4.Tlaxcala.Sai.Administracion\BSD.C4.Tlaxcala.Sai.Administracion.csproj", "{B281EAF8-FFB3-4EEB-949B-EA7CFE8E0960}"
EndProject
Project("{FAE04EC0-301F-11D3-BF4B-00C04F79EFBC}") = "ConsultaRemota", "ConsultaRemota\ConsultaRemota.csproj", "{35AB973A-B07A-47F6-AC65-9AC4059BDB5C}"
EndProject
Project("{E24C65DC-7377-472B-9ABA-BC803B73C61A}") = "SaiService", "SaiService\", "{1FBE1BBA-4585-405B-BD94-76754F6F6C1C}"
	ProjectSection(WebsiteProperties) = preProject
		TargetFramework = "2.0"
		ProjectReferences = "{BE8ABD41-5009-4C17-95B7-898591CD5E8D}|BSD.C4.Tlaxcala.Sai.Dal.Data.dll;{9716832D-4A55-419A-9A48-95462175AF66}|BSD.C4.Tlaxcala.Sai.Dal.Entities.dll;"
		Debug.AspNetCompiler.VirtualPath = "/SaiService"
		Debug.AspNetCompiler.PhysicalPath = "SaiService\"
		Debug.AspNetCompiler.TargetPath = "PrecompiledWeb\SaiService\"
		Debug.AspNetCompiler.Updateable = "true"
		Debug.AspNetCompiler.ForceOverwrite = "true"
		Debug.AspNetCompiler.FixedNames = "false"
		Debug.AspNetCompiler.Debug = "True"
		Release.AspNetCompiler.VirtualPath = "/SaiService"
		Release.AspNetCompiler.PhysicalPath = "SaiService\"
		Release.AspNetCompiler.TargetPath = "PrecompiledWeb\SaiService\"
		Release.AspNetCompiler.Updateable = "true"
		Release.AspNetCompiler.ForceOverwrite = "true"
		Release.AspNetCompiler.FixedNames = "false"
		Release.AspNetCompiler.Debug = "False"
		VWDPort = "1266"
		DefaultWebSiteLanguage = "Visual C#"
	EndProjectSection
EndProject
Project("{FAE04EC0-301F-11D3-BF4B-00C04F79EFBC}") = "CodeEngine.Framework.QueryBuilder", "QueryBuilder\CodeEngine.Framework.QueryBuilder.csproj", "{9281D89A-C56F-4620-B036-1258CDB9B28E}"
EndProject
Global
	GlobalSection(TestCaseManagementSettings) = postSolution
		CategoryFile = SAIC4SOLUTION.vsmdi
	EndGlobalSection
	GlobalSection(SolutionConfigurationPlatforms) = preSolution
		Debug|Any CPU = Debug|Any CPU
		Debug|Mixed Platforms = Debug|Mixed Platforms
		Release|Any CPU = Release|Any CPU
		Release|Mixed Platforms = Release|Mixed Platforms
	EndGlobalSection
	GlobalSection(ProjectConfigurationPlatforms) = postSolution
		{BE8ABD41-5009-4C17-95B7-898591CD5E8D}.Debug|Any CPU.ActiveCfg = Debug|Any CPU
		{BE8ABD41-5009-4C17-95B7-898591CD5E8D}.Debug|Any CPU.Build.0 = Debug|Any CPU
		{BE8ABD41-5009-4C17-95B7-898591CD5E8D}.Debug|Mixed Platforms.ActiveCfg = Debug|Any CPU
		{BE8ABD41-5009-4C17-95B7-898591CD5E8D}.Debug|Mixed Platforms.Build.0 = Debug|Any CPU
		{BE8ABD41-5009-4C17-95B7-898591CD5E8D}.Release|Any CPU.ActiveCfg = Release|Any CPU
		{BE8ABD41-5009-4C17-95B7-898591CD5E8D}.Release|Any CPU.Build.0 = Release|Any CPU
		{BE8ABD41-5009-4C17-95B7-898591CD5E8D}.Release|Mixed Platforms.ActiveCfg = Release|Any CPU
		{BE8ABD41-5009-4C17-95B7-898591CD5E8D}.Release|Mixed Platforms.Build.0 = Release|Any CPU
		{9716832D-4A55-419A-9A48-95462175AF66}.Debug|Any CPU.ActiveCfg = Debug|Any CPU
		{9716832D-4A55-419A-9A48-95462175AF66}.Debug|Any CPU.Build.0 = Debug|Any CPU
		{9716832D-4A55-419A-9A48-95462175AF66}.Debug|Mixed Platforms.ActiveCfg = Debug|Any CPU
		{9716832D-4A55-419A-9A48-95462175AF66}.Debug|Mixed Platforms.Build.0 = Debug|Any CPU
		{9716832D-4A55-419A-9A48-95462175AF66}.Release|Any CPU.ActiveCfg = Release|Any CPU
		{9716832D-4A55-419A-9A48-95462175AF66}.Release|Any CPU.Build.0 = Release|Any CPU
		{9716832D-4A55-419A-9A48-95462175AF66}.Release|Mixed Platforms.ActiveCfg = Release|Any CPU
		{9716832D-4A55-419A-9A48-95462175AF66}.Release|Mixed Platforms.Build.0 = Release|Any CPU
		{FF9562EF-1FA0-49B7-B8B6-80D41CEBAC19}.Debug|Any CPU.ActiveCfg = Debug|Any CPU
		{FF9562EF-1FA0-49B7-B8B6-80D41CEBAC19}.Debug|Any CPU.Build.0 = Debug|Any CPU
		{FF9562EF-1FA0-49B7-B8B6-80D41CEBAC19}.Debug|Mixed Platforms.ActiveCfg = Debug|Any CPU
		{FF9562EF-1FA0-49B7-B8B6-80D41CEBAC19}.Debug|Mixed Platforms.Build.0 = Debug|Any CPU
		{FF9562EF-1FA0-49B7-B8B6-80D41CEBAC19}.Release|Any CPU.ActiveCfg = Release|Any CPU
		{FF9562EF-1FA0-49B7-B8B6-80D41CEBAC19}.Release|Any CPU.Build.0 = Release|Any CPU
		{FF9562EF-1FA0-49B7-B8B6-80D41CEBAC19}.Release|Mixed Platforms.ActiveCfg = Release|Any CPU
		{FF9562EF-1FA0-49B7-B8B6-80D41CEBAC19}.Release|Mixed Platforms.Build.0 = Release|Any CPU
		{CC0ED921-3DD7-4BFC-8137-032BB72D7ECC}.Debug|Any CPU.ActiveCfg = Debug|Any CPU
		{CC0ED921-3DD7-4BFC-8137-032BB72D7ECC}.Debug|Any CPU.Build.0 = Debug|Any CPU
		{CC0ED921-3DD7-4BFC-8137-032BB72D7ECC}.Debug|Mixed Platforms.ActiveCfg = Debug|Any CPU
		{CC0ED921-3DD7-4BFC-8137-032BB72D7ECC}.Debug|Mixed Platforms.Build.0 = Debug|Any CPU
		{CC0ED921-3DD7-4BFC-8137-032BB72D7ECC}.Release|Any CPU.ActiveCfg = Release|Any CPU
		{CC0ED921-3DD7-4BFC-8137-032BB72D7ECC}.Release|Any CPU.Build.0 = Release|Any CPU
		{CC0ED921-3DD7-4BFC-8137-032BB72D7ECC}.Release|Mixed Platforms.ActiveCfg = Release|Any CPU
		{CC0ED921-3DD7-4BFC-8137-032BB72D7ECC}.Release|Mixed Platforms.Build.0 = Release|Any CPU
		{D3B6A569-C58F-43C5-A4CC-28ACB9D057F1}.Debug|Any CPU.ActiveCfg = Debug|Any CPU
		{D3B6A569-C58F-43C5-A4CC-28ACB9D057F1}.Debug|Any CPU.Build.0 = Debug|Any CPU
		{D3B6A569-C58F-43C5-A4CC-28ACB9D057F1}.Debug|Mixed Platforms.ActiveCfg = Debug|Any CPU
		{D3B6A569-C58F-43C5-A4CC-28ACB9D057F1}.Debug|Mixed Platforms.Build.0 = Debug|Any CPU
		{D3B6A569-C58F-43C5-A4CC-28ACB9D057F1}.Release|Any CPU.ActiveCfg = Release|Any CPU
		{D3B6A569-C58F-43C5-A4CC-28ACB9D057F1}.Release|Any CPU.Build.0 = Release|Any CPU
		{D3B6A569-C58F-43C5-A4CC-28ACB9D057F1}.Release|Mixed Platforms.ActiveCfg = Release|Any CPU
		{D3B6A569-C58F-43C5-A4CC-28ACB9D057F1}.Release|Mixed Platforms.Build.0 = Release|Any CPU
		{B281EAF8-FFB3-4EEB-949B-EA7CFE8E0960}.Debug|Any CPU.ActiveCfg = Debug|Any CPU
		{B281EAF8-FFB3-4EEB-949B-EA7CFE8E0960}.Debug|Any CPU.Build.0 = Debug|Any CPU
		{B281EAF8-FFB3-4EEB-949B-EA7CFE8E0960}.Debug|Mixed Platforms.ActiveCfg = Debug|Any CPU
		{B281EAF8-FFB3-4EEB-949B-EA7CFE8E0960}.Debug|Mixed Platforms.Build.0 = Debug|Any CPU
		{B281EAF8-FFB3-4EEB-949B-EA7CFE8E0960}.Release|Any CPU.ActiveCfg = Release|Any CPU
		{B281EAF8-FFB3-4EEB-949B-EA7CFE8E0960}.Release|Any CPU.Build.0 = Release|Any CPU
		{B281EAF8-FFB3-4EEB-949B-EA7CFE8E0960}.Release|Mixed Platforms.ActiveCfg = Release|Any CPU
		{B281EAF8-FFB3-4EEB-949B-EA7CFE8E0960}.Release|Mixed Platforms.Build.0 = Release|Any CPU
		{35AB973A-B07A-47F6-AC65-9AC4059BDB5C}.Debug|Any CPU.ActiveCfg = Debug|Any CPU
		{35AB973A-B07A-47F6-AC65-9AC4059BDB5C}.Debug|Any CPU.Build.0 = Debug|Any CPU
		{35AB973A-B07A-47F6-AC65-9AC4059BDB5C}.Debug|Mixed Platforms.ActiveCfg = Debug|Any CPU
		{35AB973A-B07A-47F6-AC65-9AC4059BDB5C}.Debug|Mixed Platforms.Build.0 = Debug|Any CPU
		{35AB973A-B07A-47F6-AC65-9AC4059BDB5C}.Release|Any CPU.ActiveCfg = Release|Any CPU
		{35AB973A-B07A-47F6-AC65-9AC4059BDB5C}.Release|Any CPU.Build.0 = Release|Any CPU
		{35AB973A-B07A-47F6-AC65-9AC4059BDB5C}.Release|Mixed Platforms.ActiveCfg = Release|Any CPU
		{35AB973A-B07A-47F6-AC65-9AC4059BDB5C}.Release|Mixed Platforms.Build.0 = Release|Any CPU
		{1FBE1BBA-4585-405B-BD94-76754F6F6C1C}.Debug|Any CPU.ActiveCfg = Debug|Any CPU
		{1FBE1BBA-4585-405B-BD94-76754F6F6C1C}.Debug|Any CPU.Build.0 = Debug|Any CPU
		{1FBE1BBA-4585-405B-BD94-76754F6F6C1C}.Debug|Mixed Platforms.ActiveCfg = Debug|Any CPU
		{1FBE1BBA-4585-405B-BD94-76754F6F6C1C}.Debug|Mixed Platforms.Build.0 = Debug|Any CPU
		{1FBE1BBA-4585-405B-BD94-76754F6F6C1C}.Release|Any CPU.ActiveCfg = Debug|Any CPU
		{1FBE1BBA-4585-405B-BD94-76754F6F6C1C}.Release|Any CPU.Build.0 = Debug|Any CPU
		{1FBE1BBA-4585-405B-BD94-76754F6F6C1C}.Release|Mixed Platforms.ActiveCfg = Debug|Any CPU
		{1FBE1BBA-4585-405B-BD94-76754F6F6C1C}.Release|Mixed Platforms.Build.0 = Debug|Any CPU
		{9281D89A-C56F-4620-B036-1258CDB9B28E}.Debug|Any CPU.ActiveCfg = Debug|Any CPU
		{9281D89A-C56F-4620-B036-1258CDB9B28E}.Debug|Any CPU.Build.0 = Debug|Any CPU
		{9281D89A-C56F-4620-B036-1258CDB9B28E}.Debug|Mixed Platforms.ActiveCfg = Debug|Any CPU
		{9281D89A-C56F-4620-B036-1258CDB9B28E}.Debug|Mixed Platforms.Build.0 = Debug|Any CPU
		{9281D89A-C56F-4620-B036-1258CDB9B28E}.Release|Any CPU.ActiveCfg = Release|Any CPU
		{9281D89A-C56F-4620-B036-1258CDB9B28E}.Release|Any CPU.Build.0 = Release|Any CPU
		{9281D89A-C56F-4620-B036-1258CDB9B28E}.Release|Mixed Platforms.ActiveCfg = Release|Any CPU
		{9281D89A-C56F-4620-B036-1258CDB9B28E}.Release|Mixed Platforms.Build.0 = Release|Any CPU
	EndGlobalSection
	GlobalSection(SolutionProperties) = preSolution
		HideSolutionNode = FALSE
	EndGlobalSection
	GlobalSection(ExtensibilityGlobals) = postSolution
		VisualSVNWorkingCopyRoot = .
	EndGlobalSection
EndGlobal
